
Microsoft Visual Studio Solution File, Format Version 12.00
# Visual Studio Version 16
VisualStudioVersion = 16.0.30128.74
MinimumVisualStudioVersion = 10.0.40219.1
Project("{FAE04EC0-301F-11D3-BF4B-00C04F79EFBC}") = "IkınciElAracSatis", "IkınciElAracSatis\IkınciElAracSatis.csproj", "{B8409717-078A-476C-9B2C-77C1E6972918}"
EndProject
Global
	GlobalSection(SolutionConfigurationPlatforms) = preSolution
		Debug|Any CPU = Debug|Any CPU
		Release|Any CPU = Release|Any CPU
	EndGlobalSection
	GlobalSection(ProjectConfigurationPlatforms) = postSolution
		{B8409717-078A-476C-9B2C-77C1E6972918}.Debug|Any CPU.ActiveCfg = Debug|Any CPU
		{B8409717-078A-476C-9B2C-77C1E6972918}.Debug|Any CPU.Build.0 = Debug|Any CPU
		{B8409717-078A-476C-9B2C-77C1E6972918}.Release|Any CPU.ActiveCfg = Release|Any CPU
		{B8409717-078A-476C-9B2C-77C1E6972918}.Release|Any CPU.Build.0 = Release|Any CPU
	EndGlobalSection
	GlobalSection(SolutionProperties) = preSolution
		HideSolutionNode = FALSE
	EndGlobalSection
	GlobalSection(ExtensibilityGlobals) = postSolution
		SolutionGuid = {D54413F2-621A-49DD-A5A6-C44FE9ED5056}
	EndGlobalSection
EndGlobal
